
Microsoft Visual Studio Solution File, Format Version 12.00
# Visual Studio 15
VisualStudioVersion = 15.0.27703.2042
MinimumVisualStudioVersion = 10.0.40219.1
Project("{8BC9CEB8-8B4A-11D0-8D11-00A0C91BC942}") = "Memory", "Memory\Memory.vcxproj", "{285C14DE-59D3-4D88-B193-E52F5780DE60}"
EndProject
Global
	GlobalSection(SolutionConfigurationPlatforms) = preSolution
		Debug|x64 = Debug|x64
		Debug|x86 = Debug|x86
		Release|x64 = Release|x64
		Release|x86 = Release|x86
	EndGlobalSection
	GlobalSection(ProjectConfigurationPlatforms) = postSolution
		{285C14DE-59D3-4D88-B193-E52F5780DE60}.Debug|x64.ActiveCfg = Debug|x64
		{285C14DE-59D3-4D88-B193-E52F5780DE60}.Debug|x64.Build.0 = Debug|x64
		{285C14DE-59D3-4D88-B193-E52F5780DE60}.Debug|x86.ActiveCfg = Debug|Win32
		{285C14DE-59D3-4D88-B193-E52F5780DE60}.Debug|x86.Build.0 = Debug|Win32
		{285C14DE-59D3-4D88-B193-E52F5780DE60}.Release|x64.ActiveCfg = Release|x64
		{285C14DE-59D3-4D88-B193-E52F5780DE60}.Release|x64.Build.0 = Release|x64
		{285C14DE-59D3-4D88-B193-E52F5780DE60}.Release|x86.ActiveCfg = Release|Win32
		{285C14DE-59D3-4D88-B193-E52F5780DE60}.Release|x86.Build.0 = Release|Win32
	EndGlobalSection
	GlobalSection(SolutionProperties) = preSolution
		HideSolutionNode = FALSE
	EndGlobalSection
	GlobalSection(ExtensibilityGlobals) = postSolution
		SolutionGuid = {F74A9A90-1FEA-4623-8252-69BA4C1B34B5}
	EndGlobalSection
EndGlobal
